Microsoft Visual Studio Solution File, Format Version 12.00
# Visual Studio 2012
Project("{FAE04EC0-301F-11D3-BF4B-00C04F79EFBC}") = "mahima-godot", "mahima-godot.csproj", "{34D53799-1C74-404D-9CAB-4C6ADA03A978}"
EndProject
Global
	GlobalSection(SolutionConfigurationPlatforms) = preSolution
	Debug|Any CPU = Debug|Any CPU
	ExportDebug|Any CPU = ExportDebug|Any CPU
	ExportRelease|Any CPU = ExportRelease|Any CPU
	EndGlobalSection
	GlobalSection(ProjectConfigurationPlatforms) = postSolution
		{34D53799-1C74-404D-9CAB-4C6ADA03A978}.Debug|Any CPU.ActiveCfg = Debug|Any CPU
		{34D53799-1C74-404D-9CAB-4C6ADA03A978}.Debug|Any CPU.Build.0 = Debug|Any CPU
		{34D53799-1C74-404D-9CAB-4C6ADA03A978}.ExportDebug|Any CPU.ActiveCfg = ExportDebug|Any CPU
		{34D53799-1C74-404D-9CAB-4C6ADA03A978}.ExportDebug|Any CPU.Build.0 = ExportDebug|Any CPU
		{34D53799-1C74-404D-9CAB-4C6ADA03A978}.ExportRelease|Any CPU.ActiveCfg = ExportRelease|Any CPU
		{34D53799-1C74-404D-9CAB-4C6ADA03A978}.ExportRelease|Any CPU.Build.0 = ExportRelease|Any CPU
	EndGlobalSection
EndGlobal
